{
  "name": "ctf-2019-web",
  "version": "0.0.0",
  "lockfileVersion": 1,
  "requires": true,
  "dependencies": {
    "@sindresorhus/is": {
      "version": "0.14.0",
      "resolved": "http://registry.npm.taobao.org/@sindresorhus/is/download/@sindresorhus/is-0.14.0.tgz",
      "integrity": "sha1-n7OjzzEyMoFR81PeRjLgHlIQK+o="
    },
    "@szmarczak/http-timer": {
      "version": "1.1.2",
      "resolved": "http://registry.npm.taobao.org/@szmarczak/http-timer/download/@szmarczak/http-timer-1.1.2.tgz",
      "integrity": "sha1-sWZeLEYaLNkvTBu/UNVFTeDUtCE=",
      "requires": {
        "defer-to-connect": "^1.0.1"
      }
    },
    "@types/node": {
      "version": "11.13.4",
      "resolved": "http://registry.npm.taobao.org/@types/node/download/@types/node-11.13.4.tgz",
      "integrity": "sha1-+D7Dw+BbF0tyQfretmiCZ/5bIso="
    },
    "ansi-regex": {
      "version": "2.1.1",
      "resolved": "http://registry.npm.taobao.org/ansi-regex/download/ansi-regex-2.1.1.tgz",
      "integrity": "sha1-w7M6te42DYbg5ijwRorn7yfWVN8="
    },
    "aproba": {
      "version": "1.2.0",
      "resolved": "http://registry.npm.taobao.org/aproba/download/aproba-1.2.0.tgz",
      "integrity": "sha1-aALmJk79GMeQobDVF/DyYnvyyUo="
    },
    "asynckit": {
      "version": "0.4.0",
      "resolved": "http://registry.npm.taobao.org/asynckit/download/asynckit-0.4.0.tgz",
      "integrity": "sha1-x57Zf380y48robyXkLzDZkdLS3k="
    },
    "boolbase": {
      "version": "1.0.0",
      "resolved": "http://registry.npm.taobao.org/boolbase/download/boolbase-1.0.0.tgz",
      "integrity": "sha1-aN/1++YMUes3cl6p4+0xDcwed24="
    },
    "cacheable-request": {
      "version": "6.0.0",
      "resolved": "http://registry.npm.taobao.org/cacheable-request/download/cacheable-request-6.0.0.tgz",
      "integrity": "sha1-ShcnQU4CrEr4JWDE2hth2qP6K2M=",
      "requires": {
        "clone-response": "^1.0.2",
        "get-stream": "^4.0.0",
        "http-cache-semantics": "^4.0.0",
        "keyv": "^3.0.0",
        "lowercase-keys": "^1.0.1",
        "normalize-url": "^3.1.0",
        "responselike": "^1.0.2"
      }
    },
    "cheerio": {
      "version": "1.0.0-rc.3",
      "resolved": "http://registry.npm.taobao.org/cheerio/download/cheerio-1.0.0-rc.3.tgz",
      "integrity": "sha1-CUY21CWy6cD065GkbAVjDJoai/Y=",
      "requires": {
        "css-select": "~1.2.0",
        "dom-serializer": "~0.1.1",
        "entities": "~1.1.1",
        "htmlparser2": "^3.9.1",
        "lodash": "^4.15.0",
        "parse5": "^3.0.1"
      }
    },
    "clone-response": {
      "version": "1.0.2",
      "resolved": "http://registry.npm.taobao.org/clone-response/download/clone-response-1.0.2.tgz",
      "integrity": "sha1-0dyXOSAxTfZ/vrlCI7TuNQI56Ws=",
      "requires": {
        "mimic-response": "^1.0.0"
      }
    },
    "code-point-at": {
      "version": "1.1.0",
      "resolved": "http://registry.npm.taobao.org/code-point-at/download/code-point-at-1.1.0.tgz",
      "integrity": "sha1-DQcLTQQ6W+ozovGkDi7bPZpMz3c="
    },
    "combined-stream": {
      "version": "1.0.7",
      "resolved": "http://registry.npm.taobao.org/combined-stream/download/combined-stream-1.0.7.tgz",
      "integrity": "sha1-LR0kMXr7ir6V1tLAsHtXgTU52Cg=",
      "requires": {
        "delayed-stream": "~1.0.0"
      }
    },
    "console-control-strings": {
      "version": "1.1.0",
      "resolved": "http://registry.npm.taobao.org/console-control-strings/download/console-control-strings-1.1.0.tgz",
      "integrity": "sha1-PXz0Rk22RG6mRL9LOVB/mFEAjo4="
    },
    "css-select": {
      "version": "1.2.0",
      "resolved": "http://registry.npm.taobao.org/css-select/download/css-select-1.2.0.tgz",
      "integrity": "sha1-KzoRBTnFNV8c2NMUYj6HCxIeyFg=",
      "requires": {
        "boolbase": "~1.0.0",
        "css-what": "2.1",
        "domutils": "1.5.1",
        "nth-check": "~1.0.1"
      }
    },
    "css-what": {
      "version": "2.1.3",
      "resolved": "http://registry.npm.taobao.org/css-what/download/css-what-2.1.3.tgz",
      "integrity": "sha1-ptdgRXM2X+dGhsPzEcVlE9iChfI="
    },
    "decompress-response": {
      "version": "3.3.0",
      "resolved": "http://registry.npm.taobao.org/decompress-response/download/decompress-response-3.3.0.tgz",
      "integrity": "sha1-gKTdMjdIOEv6JICDYirt7Jgq3/M=",
      "requires": {
        "mimic-response": "^1.0.0"
      }
    },
    "defer-to-connect": {
      "version": "1.0.2",
      "resolved": "http://registry.npm.taobao.org/defer-to-connect/download/defer-to-connect-1.0.2.tgz",
      "integrity": "sha1-S651ijFLA0rjOQK1qsJajdaoYz4="
    },
    "delayed-stream": {
      "version": "1.0.0",
      "resolved": "http://registry.npm.taobao.org/delayed-stream/download/delayed-stream-1.0.0.tgz",
      "integrity": "sha1-3zrhmayt+31ECqrgsp4icrJOxhk="
    },
    "diff-sequences": {
      "version": "24.3.0",
      "resolved": "http://registry.npm.taobao.org/diff-sequences/download/diff-sequences-24.3.0.tgz",
      "integrity": "sha1-DyDood8avdr02cImaAlS5kEYuXU="
    },
    "dom-serializer": {
      "version": "0.1.1",
      "resolved": "http://registry.npm.taobao.org/dom-serializer/download/dom-serializer-0.1.1.tgz",
      "integrity": "sha1-HsQFnihLq+027sKUHUqXChic58A=",
      "requires": {
        "domelementtype": "^1.3.0",
        "entities": "^1.1.1"
      }
    },
    "domelementtype": {
      "version": "1.3.1",
      "resolved": "http://registry.npm.taobao.org/domelementtype/download/domelementtype-1.3.1.tgz",
      "integrity": "sha1-0EjESzew0Qp/Kj1f7j9DM9eQSB8="
    },
    "domhandler": {
      "version": "2.4.2",
      "resolved": "http://registry.npm.taobao.org/domhandler/download/domhandler-2.4.2.tgz",
      "integrity": "sha1-iAUJfpM9ZehVRvcm1g9euItE+AM=",
      "requires": {
        "domelementtype": "1"
      }
    },
    "domutils": {
      "version": "1.5.1",
      "resolved": "http://registry.npm.taobao.org/domutils/download/domutils-1.5.1.tgz",
      "integrity": "sha1-3NhIiib1Y9YQeeSMn3t+Mjc2gs8=",
      "requires": {
        "dom-serializer": "0",
        "domelementtype": "1"
      }
    },
    "duplexer3": {
      "version": "0.1.4",
      "resolved": "http://registry.npm.taobao.org/duplexer3/download/duplexer3-0.1.4.tgz",
      "integrity": "sha1-7gHdHKwO08vH/b6jfcCo8c4ALOI="
    },
    "end-of-stream": {
      "version": "1.4.1",
      "resolved": "http://registry.npm.taobao.org/end-of-stream/download/end-of-stream-1.4.1.tgz",
      "integrity": "sha1-7SljTRm6ukY7bOa4CjchPqtx7EM=",
      "requires": {
        "once": "^1.4.0"
      }
    },
    "entities": {
      "version": "1.1.2",
      "resolved": "http://registry.npm.taobao.org/entities/download/entities-1.1.2.tgz",
      "integrity": "sha1-vfpzUplmTfr9NFKe1PhSKidf6lY="
    },
    "form-data": {
      "version": "2.3.3",
      "resolved": "http://registry.npm.taobao.org/form-data/download/form-data-2.3.3.tgz",
      "integrity": "sha1-3M5SwF9kTymManq5Nr1yTO/786Y=",
      "requires": {
        "asynckit": "^0.4.0",
        "combined-stream": "^1.0.6",
        "mime-types": "^2.1.12"
      }
    },
    "gauge": {
      "version": "2.7.4",
      "resolved": "http://registry.npm.taobao.org/gauge/download/gauge-2.7.4.tgz",
      "integrity": "sha1-LANAXHU4w51+s3sxcCLjJfsBi/c=",
      "requires": {
        "aproba": "^1.0.3",
        "console-control-strings": "^1.0.0",
        "has-unicode": "^2.0.0",
        "object-assign": "^4.1.0",
        "signal-exit": "^3.0.0",
        "string-width": "^1.0.1",
        "strip-ansi": "^3.0.1",
        "wide-align": "^1.1.0"
      }
    },
    "get-stream": {
      "version": "4.1.0",
      "resolved": "http://registry.npm.taobao.org/get-stream/download/get-stream-4.1.0.tgz",
      "integrity": "sha1-wbJVV189wh1Zv8ec09K0axw6VLU=",
      "requires": {
        "pump": "^3.0.0"
      }
    },
    "got": {
      "version": "9.6.0",
      "resolved": "http://registry.npm.taobao.org/got/download/got-9.6.0.tgz",
      "integrity": "sha1-7fRefWf5lUVwXeH3u+7rEhdl7YU=",
      "requires": {
        "@sindresorhus/is": "^0.14.0",
        "@szmarczak/http-timer": "^1.1.2",
        "cacheable-request": "^6.0.0",
        "decompress-response": "^3.3.0",
        "duplexer3": "^0.1.4",
        "get-stream": "^4.1.0",
        "lowercase-keys": "^1.0.1",
        "mimic-response": "^1.0.1",
        "p-cancelable": "^1.0.0",
        "to-readable-stream": "^1.0.0",
        "url-parse-lax": "^3.0.0"
      }
    },
    "has-unicode": {
      "version": "2.0.1",
      "resolved": "http://registry.npm.taobao.org/has-unicode/download/has-unicode-2.0.1.tgz",
      "integrity": "sha1-4Ob+aijPUROIVeCG0Wkedx3iqLk="
    },
    "htmlparser2": {
      "version": "3.10.1",
      "resolved": "http://registry.npm.taobao.org/htmlparser2/download/htmlparser2-3.10.1.tgz",
      "integrity": "sha1-vWedw/WYl7ajS7EHSchVu1OpOS8=",
      "requires": {
        "domelementtype": "^1.3.1",
        "domhandler": "^2.3.0",
        "domutils": "^1.5.1",
        "entities": "^1.1.1",
        "inherits": "^2.0.1",
        "readable-stream": "^3.1.1"
      }
    },
    "http-cache-semantics": {
      "version": "4.0.3",
      "resolved": "http://registry.npm.taobao.org/http-cache-semantics/download/http-cache-semantics-4.0.3.tgz",
      "integrity": "sha1-SVcEdzJ37u9uQ/mrLCx9JZ3aJcU="
    },
    "inherits": {
      "version": "2.0.3",
      "resolved": "http://registry.npm.taobao.org/inherits/download/inherits-2.0.3.tgz",
      "integrity": "sha1-Yzwsg+PaQqUC9SRmAiSA9CCCYd4="
    },
    "ip-regex": {
      "version": "2.1.0",
      "resolved": "http://registry.npm.taobao.org/ip-regex/download/ip-regex-2.1.0.tgz",
      "integrity": "sha1-+ni/XS5pE8kRzp+BnuUUa7bYROk="
    },
    "is-fullwidth-code-point": {
      "version": "1.0.0",
      "resolved": "http://registry.npm.taobao.org/is-fullwidth-code-point/download/is-fullwidth-code-point-1.0.0.tgz",
      "integrity": "sha1-754xOG8DGn8NZDr4L95QxFfvAMs=",
      "requires": {
        "number-is-nan": "^1.0.0"
      }
    },
    "json-buffer": {
      "version": "3.0.0",
      "resolved": "http://registry.npm.taobao.org/json-buffer/download/json-buffer-3.0.0.tgz",
      "integrity": "sha1-Wx85evx11ne96Lz8Dkfh+aPZqJg="
    },
    "just-flatten-it": {
      "version": "2.1.0",
      "resolved": "http://registry.npm.taobao.org/just-flatten-it/download/just-flatten-it-2.1.0.tgz",
      "integrity": "sha1-JRQzfMd+40Yoaf7j2TmwbsH9eYY="
    },
    "just-split": {
      "version": "2.1.0",
      "resolved": "http://registry.npm.taobao.org/just-split/download/just-split-2.1.0.tgz",
      "integrity": "sha1-o0kEQWzlssQ8kcD0jqA0+JchneA="
    },
    "keyv": {
      "version": "3.1.0",
      "resolved": "http://registry.npm.taobao.org/keyv/download/keyv-3.1.0.tgz",
      "integrity": "sha1-7MIoSG9pmR5J6UdkhaW+Ho/FxNk=",
      "requires": {
        "json-buffer": "3.0.0"
      }
    },
    "left-pad": {
      "version": "1.3.0",
      "resolved": "https://registry.npmjs.org/left-pad/-/left-pad-1.3.0.tgz",
      "integrity": "sha512-XI5MPzVNApjAyhQzphX8BkmKsKUxD4LdyK24iZeQGinBN9yTQT3bFlCBy/aVx2HrNcqQGsdot8ghrjyrvMCoEA=="
    },
    "lodash": {
      "version": "4.17.11",
      "resolved": "https://registry.npmjs.org/lodash/-/lodash-4.17.11.tgz",
      "integrity": "sha512-cQKh8igo5QUhZ7lg38DYWAxMvjSAKG0A8wGSVimP07SIUEK2UO+arSRKbRZWtelMtN5V0Hkwh5ryOto/SshYIg=="
    },
    "lowercase-keys": {
      "version": "1.0.1",
      "resolved": "http://registry.npm.taobao.org/lowercase-keys/download/lowercase-keys-1.0.1.tgz",
      "integrity": "sha1-b54wtHCE2XGnyCD/FabFFnt0wm8="
    },
    "mime-db": {
      "version": "1.38.0",
      "resolved": "http://registry.npm.taobao.org/mime-db/download/mime-db-1.38.0.tgz",
      "integrity": "sha1-GiqrFtqesWe0nG5N8tnGjWPY4q0="
    },
    "mime-types": {
      "version": "2.1.22",
      "resolved": "http://registry.npm.taobao.org/mime-types/download/mime-types-2.1.22.tgz",
      "integrity": "sha1-/ms1WhkJJqt2mMmgVWoRGZshmb0=",
      "requires": {
        "mime-db": "~1.38.0"
      }
    },
    "mimic-response": {
      "version": "1.0.1",
      "resolved": "http://registry.npm.taobao.org/mimic-response/download/mimic-response-1.0.1.tgz",
      "integrity": "sha1-SSNTiHju9CBjy4o+OweYeBSHqxs="
    },
    "normalize-url": {
      "version": "3.3.0",
      "resolved": "http://registry.npm.taobao.org/normalize-url/download/normalize-url-3.3.0.tgz",
      "integrity": "sha1-suHE3E98bVd0PfczpPWXjRhlBVk="
    },
    "nth-check": {
      "version": "1.0.2",
      "resolved": "http://registry.npm.taobao.org/nth-check/download/nth-check-1.0.2.tgz",
      "integrity": "sha1-sr0pXDfj3VijvwcAN2Zjuk2c8Fw=",
      "requires": {
        "boolbase": "~1.0.0"
      }
    },
    "number-is-nan": {
      "version": "1.0.1",
      "resolved": "http://registry.npm.taobao.org/number-is-nan/download/number-is-nan-1.0.1.tgz",
      "integrity": "sha1-CXtgK1NCKlIsGvuHkDGDNpQaAR0="
    },
    "object-assign": {
      "version": "4.1.1",
      "resolved": "http://registry.npm.taobao.org/object-assign/download/object-assign-4.1.1.tgz",
      "integrity": "sha1-IQmtx5ZYh8/AXLvUQsrIv7s2CGM="
    },
    "object-path": {
      "version": "0.11.4",
      "resolved": "https://registry.npmjs.org/object-path/-/object-path-0.11.4.tgz",
      "integrity": "sha1-NwrnUvvzfePqcKhhwju6iRVpGUk="
    },
    "once": {
      "version": "1.4.0",
      "resolved": "http://registry.npm.taobao.org/once/download/once-1.4.0.tgz",
      "integrity": "sha1-WDsap3WWHUsROsF9nFC6753Xa9E=",
      "requires": {
        "wrappy": "1"
      }
    },
    "p-all": {
      "version": "2.1.0",
      "resolved": "http://registry.npm.taobao.org/p-all/download/p-all-2.1.0.tgz",
      "integrity": "sha1-kUGb5Wt97o/kxduHXVXg2ghCRKA=",
      "requires": {
        "p-map": "^2.0.0"
      }
    },
    "p-cancelable": {
      "version": "1.1.0",
      "resolved": "http://registry.npm.taobao.org/p-cancelable/download/p-cancelable-1.1.0.tgz",
      "integrity": "sha1-0HjRWjr0CSIMiG8dmgyi5EGrJsw="
    },
    "p-map": {
      "version": "2.1.0",
      "resolved": "http://registry.npm.taobao.org/p-map/download/p-map-2.1.0.tgz",
      "integrity": "sha1-MQko/u+cnsxltosXaTAYpmXOoXU="
    },
    "parse5": {
      "version": "3.0.3",
      "resolved": "http://registry.npm.taobao.org/parse5/download/parse5-3.0.3.tgz",
      "integrity": "sha1-BC95L/3TaFFVHPTp4Gazh0q0W1w=",
      "requires": {
        "@types/node": "*"
      }
    },
    "prepend-http": {
      "version": "2.0.0",
      "resolved": "http://registry.npm.taobao.org/prepend-http/download/prepend-http-2.0.0.tgz",
      "integrity": "sha1-6SQ0v6XqjBn0HN/UAddBo8gZ2Jc="
    },
    "psl": {
      "version": "1.1.31",
      "resolved": "http://registry.npm.taobao.org/psl/download/psl-1.1.31.tgz",
      "integrity": "sha1-6aqG0BAbWxBcvpOsa3hM1UcnYYQ="
    },
    "pump": {
      "version": "3.0.0",
      "resolved": "http://registry.npm.taobao.org/pump/download/pump-3.0.0.tgz",
      "integrity": "sha1-tKIRaBW94vTh6mAjVOjHVWUQemQ=",
      "requires": {
        "end-of-stream": "^1.1.0",
        "once": "^1.3.1"
      }
    },
    "punycode": {
      "version": "2.1.1",
      "resolved": "http://registry.npm.taobao.org/punycode/download/punycode-2.1.1.tgz",
      "integrity": "sha1-tYsBCsQMIsVldhbI0sLALHv0eew="
    },
    "readable-stream": {
      "version": "3.3.0",
      "resolved": "http://registry.npm.taobao.org/readable-stream/download/readable-stream-3.3.0.tgz",
      "integrity": "sha1-y4ARqtAC63F78EApH+uoVpyYb7k=",
      "requires": {
        "inherits": "^2.0.3",
        "string_decoder": "^1.1.1",
        "util-deprecate": "^1.0.1"
      }
    },
    "responselike": {
      "version": "1.0.2",
      "resolved": "http://registry.npm.taobao.org/responselike/download/responselike-1.0.2.tgz",
      "integrity": "sha1-kYcg7ztjHFZCvgaPFa3lpG9Loec=",
      "requires": {
        "lowercase-keys": "^1.0.0"
      }
    },
    "safe-buffer": {
      "version": "5.1.2",
      "resolved": "http://registry.npm.taobao.org/safe-buffer/download/safe-buffer-5.1.2.tgz",
      "integrity": "sha1-mR7GnSluAxN0fVm9/St0XDX4go0="
    },
    "signal-exit": {
      "version": "3.0.2",
      "resolved": "http://registry.npm.taobao.org/signal-exit/download/signal-exit-3.0.2.tgz",
      "integrity": "sha1-tf3AjxKH6hF4Yo5BXiUTK3NkbG0="
    },
    "string-width": {
      "version": "1.0.2",
      "resolved": "http://registry.npm.taobao.org/string-width/download/string-width-1.0.2.tgz",
      "integrity": "sha1-EYvfW4zcUaKn5w0hHgfisLmxB9M=",
      "requires": {
        "code-point-at": "^1.0.0",
        "is-fullwidth-code-point": "^1.0.0",
        "strip-ansi": "^3.0.0"
      }
    },
    "string_decoder": {
      "version": "1.2.0",
      "resolved": "http://registry.npm.taobao.org/string_decoder/download/string_decoder-1.2.0.tgz",
      "integrity": "sha1-/obnOLGVRK/nBGkkOyoe6SQOro0=",
      "requires": {
        "safe-buffer": "~5.1.0"
      }
    },
    "strip-ansi": {
      "version": "3.0.1",
      "resolved": "http://registry.npm.taobao.org/strip-ansi/download/strip-ansi-3.0.1.tgz",
      "integrity": "sha1-ajhfuIU9lS1f8F0Oiq+UJ43GPc8=",
      "requires": {
        "ansi-regex": "^2.0.0"
      }
    },
    "to-readable-stream": {
      "version": "1.0.0",
      "resolved": "http://registry.npm.taobao.org/to-readable-stream/download/to-readable-stream-1.0.0.tgz",
      "integrity": "sha1-zgqgwvPfat+FLvtASng+d8BHV3E="
    },
    "tough-cookie": {
      "version": "3.0.1",
      "resolved": "http://registry.npm.taobao.org/tough-cookie/download/tough-cookie-3.0.1.tgz",
      "integrity": "sha1-nfT1fnOcJpMKAYGEiH9K233Kc7I=",
      "requires": {
        "ip-regex": "^2.1.0",
        "psl": "^1.1.28",
        "punycode": "^2.1.1"
      }
    },
    "url-parse-lax": {
      "version": "3.0.0",
      "resolved": "http://registry.npm.taobao.org/url-parse-lax/download/url-parse-lax-3.0.0.tgz",
      "integrity": "sha1-FrXK/Afb42dsGxmZF3gj1lA6yww=",
      "requires": {
        "prepend-http": "^2.0.0"
      }
    },
    "util-deprecate": {
      "version": "1.0.2",
      "resolved": "http://registry.npm.taobao.org/util-deprecate/download/util-deprecate-1.0.2.tgz",
      "integrity": "sha1-RQ1Nyfpw3nMnYvvS1KKJgUGaDM8="
    },
    "wide-align": {
      "version": "1.1.3",
      "resolved": "http://registry.npm.taobao.org/wide-align/download/wide-align-1.1.3.tgz",
      "integrity": "sha1-rgdOa9wMFKQx6ATmJFScYzsABFc=",
      "requires": {
        "string-width": "^1.0.2 || 2"
      }
    },
    "wrappy": {
      "version": "1.0.2",
      "resolved": "http://registry.npm.taobao.org/wrappy/download/wrappy-1.0.2.tgz",
      "integrity": "sha1-tSQ9jz7BqjXxNkYFvA0QNuMKtp8="
    }
  }
}
